
Microsoft Visual Studio Solution File, Format Version 12.00
# Visual Studio Version 17
VisualStudioVersion = 17.7.34031.279
MinimumVisualStudioVersion = 10.0.40219.1
Project("{FAE04EC0-301F-11D3-BF4B-00C04F79EFBC}") = "ClinicManager.Enozom.APIs", "TrainStation.Enozom.APIs\ClinicManager.Enozom.APIs.csproj", "{C34C4502-E41E-4E9A-B2E6-8766FDCB8DA3}"
EndProject
Project("{FAE04EC0-301F-11D3-BF4B-00C04F79EFBC}") = "ClinicManager.Enozom.Core", "ClinicManager.Enozom.Core\ClinicManager.Enozom.Core.csproj", "{993EB2F1-B495-4914-B956-D0A957A3A816}"
EndProject
Project("{FAE04EC0-301F-11D3-BF4B-00C04F79EFBC}") = "ClinicManager.Enozom.Repository", "ClinicManager.Enozom.Repository\ClinicManager.Enozom.Repository.csproj", "{F53AA766-565C-4F5F-9543-EFA9E0BFB846}"
EndProject
Project("{FAE04EC0-301F-11D3-BF4B-00C04F79EFBC}") = "ClinicManager.Enozom.Services", "ClinicManager.Enozom.Services\ClinicManager.Enozom.Services.csproj", "{841D822B-E3DA-4EEA-AA5E-5A6258D25B7F}"
EndProject
Global
	GlobalSection(SolutionConfigurationPlatforms) = preSolution
		Debug|Any CPU = Debug|Any CPU
		Release|Any CPU = Release|Any CPU
	EndGlobalSection
	GlobalSection(ProjectConfigurationPlatforms) = postSolution
		{C34C4502-E41E-4E9A-B2E6-8766FDCB8DA3}.Debug|Any CPU.ActiveCfg = Debug|Any CPU
		{C34C4502-E41E-4E9A-B2E6-8766FDCB8DA3}.Debug|Any CPU.Build.0 = Debug|Any CPU
		{C34C4502-E41E-4E9A-B2E6-8766FDCB8DA3}.Release|Any CPU.ActiveCfg = Release|Any CPU
		{C34C4502-E41E-4E9A-B2E6-8766FDCB8DA3}.Release|Any CPU.Build.0 = Release|Any CPU
		{993EB2F1-B495-4914-B956-D0A957A3A816}.Debug|Any CPU.ActiveCfg = Debug|Any CPU
		{993EB2F1-B495-4914-B956-D0A957A3A816}.Debug|Any CPU.Build.0 = Debug|Any CPU
		{993EB2F1-B495-4914-B956-D0A957A3A816}.Release|Any CPU.ActiveCfg = Release|Any CPU
		{993EB2F1-B495-4914-B956-D0A957A3A816}.Release|Any CPU.Build.0 = Release|Any CPU
		{F53AA766-565C-4F5F-9543-EFA9E0BFB846}.Debug|Any CPU.ActiveCfg = Debug|Any CPU
		{F53AA766-565C-4F5F-9543-EFA9E0BFB846}.Debug|Any CPU.Build.0 = Debug|Any CPU
		{F53AA766-565C-4F5F-9543-EFA9E0BFB846}.Release|Any CPU.ActiveCfg = Release|Any CPU
		{F53AA766-565C-4F5F-9543-EFA9E0BFB846}.Release|Any CPU.Build.0 = Release|Any CPU
		{841D822B-E3DA-4EEA-AA5E-5A6258D25B7F}.Debug|Any CPU.ActiveCfg = Debug|Any CPU
		{841D822B-E3DA-4EEA-AA5E-5A6258D25B7F}.Debug|Any CPU.Build.0 = Debug|Any CPU
		{841D822B-E3DA-4EEA-AA5E-5A6258D25B7F}.Release|Any CPU.ActiveCfg = Release|Any CPU
		{841D822B-E3DA-4EEA-AA5E-5A6258D25B7F}.Release|Any CPU.Build.0 = Release|Any CPU
	EndGlobalSection
	GlobalSection(SolutionProperties) = preSolution
		HideSolutionNode = FALSE
	EndGlobalSection
	GlobalSection(ExtensibilityGlobals) = postSolution
		SolutionGuid = {364E2CCA-A64C-4C95-B92F-CE87991BDEE5}
	EndGlobalSection
EndGlobal
